
Microsoft Visual Studio Solution File, Format Version 12.00
# Visual Studio 2013
VisualStudioVersion = 12.0.21005.1
MinimumVisualStudioVersion = 10.0.40219.1
Project("{FAE04EC0-301F-11D3-BF4B-00C04F79EFBC}") = "FacadePattern", "FacadePattern\FacadePattern.csproj", "{58AD6176-9447-412F-8F0E-D538122098D1}"
EndProject
Project("{FAE04EC0-301F-11D3-BF4B-00C04F79EFBC}") = "Composite", "Composite\Composite.csproj", "{65086E6D-21B2-43F4-B6BC-5559CD50C0BE}"
EndProject
Project("{FAE04EC0-301F-11D3-BF4B-00C04F79EFBC}") = "Decorator", "Decorator\Decorator.csproj", "{F8F734C0-5236-4776-8BC9-D8BF3B66D067}"
EndProject
Global
	GlobalSection(SolutionConfigurationPlatforms) = preSolution
		Debug|Any CPU = Debug|Any CPU
		Release|Any CPU = Release|Any CPU
	EndGlobalSection
	GlobalSection(ProjectConfigurationPlatforms) = postSolution
		{58AD6176-9447-412F-8F0E-D538122098D1}.Debug|Any CPU.ActiveCfg = Debug|Any CPU
		{58AD6176-9447-412F-8F0E-D538122098D1}.Debug|Any CPU.Build.0 = Debug|Any CPU
		{58AD6176-9447-412F-8F0E-D538122098D1}.Release|Any CPU.ActiveCfg = Release|Any CPU
		{58AD6176-9447-412F-8F0E-D538122098D1}.Release|Any CPU.Build.0 = Release|Any CPU
		{65086E6D-21B2-43F4-B6BC-5559CD50C0BE}.Debug|Any CPU.ActiveCfg = Debug|Any CPU
		{65086E6D-21B2-43F4-B6BC-5559CD50C0BE}.Debug|Any CPU.Build.0 = Debug|Any CPU
		{65086E6D-21B2-43F4-B6BC-5559CD50C0BE}.Release|Any CPU.ActiveCfg = Release|Any CPU
		{65086E6D-21B2-43F4-B6BC-5559CD50C0BE}.Release|Any CPU.Build.0 = Release|Any CPU
		{F8F734C0-5236-4776-8BC9-D8BF3B66D067}.Debug|Any CPU.ActiveCfg = Debug|Any CPU
		{F8F734C0-5236-4776-8BC9-D8BF3B66D067}.Debug|Any CPU.Build.0 = Debug|Any CPU
		{F8F734C0-5236-4776-8BC9-D8BF3B66D067}.Release|Any CPU.ActiveCfg = Release|Any CPU
		{F8F734C0-5236-4776-8BC9-D8BF3B66D067}.Release|Any CPU.Build.0 = Release|Any CPU
	EndGlobalSection
	GlobalSection(SolutionProperties) = preSolution
		HideSolutionNode = FALSE
	EndGlobalSection
EndGlobal
