
Microsoft Visual Studio Solution File, Format Version 12.00
# Visual Studio 2013
VisualStudioVersion = 12.0.21005.1
MinimumVisualStudioVersion = 10.0.40219.1
Project("{FAE04EC0-301F-11D3-BF4B-00C04F79EFBC}") = "01_QualityMethods", "01_QualityMethods\01_QualityMethods.csproj", "{DB3124CA-8742-448E-91F8-4B39CEE2E483}"
EndProject
Project("{FAE04EC0-301F-11D3-BF4B-00C04F79EFBC}") = "02_RefactorYourCSharp2ExamSolutions", "02_RefactorYourCSharp2ExamSolutions\02_RefactorYourCSharp2ExamSolutions.csproj", "{0EFB2A56-3DC4-42A7-BC12-5B65593EE308}"
EndProject
Global
	GlobalSection(SolutionConfigurationPlatforms) = preSolution
		Debug|Any CPU = Debug|Any CPU
		Release|Any CPU = Release|Any CPU
	EndGlobalSection
	GlobalSection(ProjectConfigurationPlatforms) = postSolution
		{DB3124CA-8742-448E-91F8-4B39CEE2E483}.Debug|Any CPU.ActiveCfg = Debug|Any CPU
		{DB3124CA-8742-448E-91F8-4B39CEE2E483}.Debug|Any CPU.Build.0 = Debug|Any CPU
		{DB3124CA-8742-448E-91F8-4B39CEE2E483}.Release|Any CPU.ActiveCfg = Release|Any CPU
		{DB3124CA-8742-448E-91F8-4B39CEE2E483}.Release|Any CPU.Build.0 = Release|Any CPU
		{0EFB2A56-3DC4-42A7-BC12-5B65593EE308}.Debug|Any CPU.ActiveCfg = Debug|Any CPU
		{0EFB2A56-3DC4-42A7-BC12-5B65593EE308}.Debug|Any CPU.Build.0 = Debug|Any CPU
		{0EFB2A56-3DC4-42A7-BC12-5B65593EE308}.Release|Any CPU.ActiveCfg = Release|Any CPU
		{0EFB2A56-3DC4-42A7-BC12-5B65593EE308}.Release|Any CPU.Build.0 = Release|Any CPU
	EndGlobalSection
	GlobalSection(SolutionProperties) = preSolution
		HideSolutionNode = FALSE
	EndGlobalSection
EndGlobal
